{
  "name": "@test/acceptance",
  "version": "0.0.0",
  "lockfileVersion": 1,
  "requires": true,
  "dependencies": {
    "@experimental/domain": {
      "version": "0.0.0"
    },
    "@types/cucumber": {
      "version": "4.0.4",
      "resolved": "https://registry.npmjs.org/@types/cucumber/-/cucumber-4.0.4.tgz",
      "integrity": "sha512-oryqKjsoVkcQDFXLkUy+/xBWtnv87XD8ec3m47zgBIikSZKPOzqbVNGkDeIKosUxngR0IfwMjDtlAB5xlKlIIA==",
      "dev": true
    }
  }
}
